// !$*UTF8*$!
{
	archiveVersion = 1;
	classes = {
	};
	objectVersion = 56;
	objects = {

/* Begin PBXBuildFile section */
		F4A1EFB32BA72E2A00A0AA47 /* EmojiCounterApp.swift in Sources */ = {isa = PBXBuildFile; fileRef = F4A1EFB22BA72E2A00A0AA47 /* EmojiCounterApp.swift */; };
		F4A1EFB52BA72E2A00A0AA47 /* ContentView.swift in Sources */ = {isa = PBXBuildFile; fileRef = F4A1EFB42BA72E2A00A0AA47 /* ContentView.swift */; };
		F4A1EFB72BA72E2D00A0AA47 /* Assets.xcassets in Resources */ = {isa = PBXBuildFile; fileRef = F4A1EFB62BA72E2D00A0AA47 /* Assets.xcassets */; };
		F4A1EFBA2BA72E2D00A0AA47 /* Preview Assets.xcassets in Resources */ = {isa = PBXBuildFile; fileRef = F4A1EFB92BA72E2D00A0AA47 /* Preview Assets.xcassets */; };
		F4A1EFC42BA72E2D00A0AA47 /* EmojiCounterTests.swift in Sources */ = {isa = PBXBuildFile; fileRef = F4A1EFC32BA72E2D00A0AA47 /* EmojiCounterTests.swift */; };
		F4A1EFCE2BA72E2D00A0AA47 /* EmojiCounterUITests.swift in Sources */ = {isa = PBXBuildFile; fileRef = F4A1EFCD2BA72E2D00A0AA47 /* EmojiCounterUITests.swift */; };
		F4A1EFD02BA72E2D00A0AA47 /* EmojiCounterUITestsLaunchTests.swift in Sources */ = {isa = PBXBuildFile; fileRef = F4A1EFCF2BA72E2D00A0AA47 /* EmojiCounterUITestsLaunchTests.swift */; };
/* End PBXBuildFile section */

/* Begin PBXContainerItemProxy section */
		F4A1EFC02BA72E2D00A0AA47 /* PBXContainerItemProxy */ = {
			isa = PBXContainerItemProxy;
			containerPortal = F4A1EFA72BA72E2A00A0AA47 /* Project object */;
			proxyType = 1;
			remoteGlobalIDString = F4A1EFAE2BA72E2A00A0AA47;
			remoteInfo = EmojiCounter;
		};
		F4A1EFCA2BA72E2D00A0AA47 /* PBXContainerItemProxy */ = {
			isa = PBXContainerItemProxy;
			containerPortal = F4A1EFA72BA72E2A00A0AA47 /* Project object */;
			proxyType = 1;
			remoteGlobalIDString = F4A1EFAE2BA72E2A00A0AA47;
			remoteInfo = EmojiCounter;
		};
/* End PBXContainerItemProxy section */

/* Begin PBXFileReference section */
		F4A1EFAF2BA72E2A00A0AA47 /* EmojiCounter.app */ = {isa = PBXFileReference; explicitFileType = wrapper.application; includeInIndex = 0; path = EmojiCounter.app; sourceTree = BUILT_PRODUCTS_DIR; };
		F4A1EFB22BA72E2A00A0AA47 /* EmojiCounterApp.swift */ = {isa = PBXFileReference; lastKnownFileType = sourcecode.swift; path = EmojiCounterApp.swift; sourceTree = "<group>"; };
		F4A1EFB42BA72E2A00A0AA47 /* ContentView.swift */ = {isa = PBXFileReference; lastKnownFileType = sourcecode.swift; path = ContentView.swift; sourceTree = "<group>"; };
		F4A1EFB62BA72E2D00A0AA47 /* Assets.xcassets */ = {isa = PBXFileReference; lastKnownFileType = folder.assetcatalog; path = Assets.xcassets; sourceTree = "<group>"; };
		F4A1EFB92BA72E2D00A0AA47 /* Preview Assets.xcassets */ = {isa = PBXFileReference; lastKnownFileType = folder.assetcatalog; path = "Preview Assets.xcassets"; sourceTree = "<group>"; };
		F4A1EFBF2BA72E2D00A0AA47 /* EmojiCounterTests.xctest */ = {isa = PBXFileReference; explicitFileType = wrapper.cfbundle; includeInIndex = 0; path = EmojiCounterTests.xctest; sourceTree = BUILT_PRODUCTS_DIR; };
		F4A1EFC32BA72E2D00A0AA47 /* EmojiCounterTests.swift */ = {isa = PBXFileReference; lastKnownFileType = sourcecode.swift; path = EmojiCounterTests.swift; sourceTree = "<group>"; };
		F4A1EFC92BA72E2D00A0AA47 /* EmojiCounterUITests.xctest */ = {isa = PBXFileReference; explicitFileType = wrapper.cfbundle; includeInIndex = 0; path = EmojiCounterUITests.xctest; sourceTree = BUILT_PRODUCTS_DIR; };
		F4A1EFCD2BA72E2D00A0AA47 /* EmojiCounterUITests.swift */ = {isa = PBXFileReference; lastKnownFileType = sourcecode.swift; path = EmojiCounterUITests.swift; sourceTree = "<group>"; };
		F4A1EFCF2BA72E2D00A0AA47 /* EmojiCounterUITestsLaunchTests.swift */ = {isa = PBXFileReference; lastKnownFileType = sourcecode.swift; path = EmojiCounterUITestsLaunchTests.swift; sourceTree = "<group>"; };
/* End PBXFileReference section */

/* Begin PBXFrameworksBuildPhase section */
		F4A1EFAC2BA72E2A00A0AA47 /* Frameworks */ = {
			isa = PBXFrameworksBuildPhase;
			buildActionMask = 2147483647;
			files = (
			);
			runOnlyForDeploymentPostprocessing = 0;
		};
		F4A1EFBC2BA72E2D00A0AA47 /* Frameworks */ = {
			isa = PBXFrameworksBuildPhase;
			buildActionMask = 2147483647;
			files = (
			);
			runOnlyForDeploymentPostprocessing = 0;
		};
		F4A1EFC62BA72E2D00A0AA47 /* Frameworks */ = {
			isa = PBXFrameworksBuildPhase;
			buildActionMask = 2147483647;
			files = (
			);
			runOnlyForDeploymentPostprocessing = 0;
		};
/* End PBXFrameworksBuildPhase section */

/* Begin PBXGroup section */
		F4A1EFA62BA72E2A00A0AA47 = {
			isa = PBXGroup;
			children = (
				F4A1EFB12BA72E2A00A0AA47 /* EmojiCounter */,
				F4A1EFC22BA72E2D00A0AA47 /* EmojiCounterTests */,
				F4A1EFCC2BA72E2D00A0AA47 /* EmojiCounterUITests */,
				F4A1EFB02BA72E2A00A0AA47 /* Products */,
			);
			sourceTree = "<group>";
		};
		F4A1EFB02BA72E2A00A0AA47 /* Products */ = {
			isa = PBXGroup;
			children = (
				F4A1EFAF2BA72E2A00A0AA47 /* EmojiCounter.app */,
				F4A1EFBF2BA72E2D00A0AA47 /* EmojiCounterTests.xctest */,
				F4A1EFC92BA72E2D00A0AA47 /* EmojiCounterUITests.xctest */,
			);
			name = Products;
			sourceTree = "<group>";
		};
		F4A1EFB12BA72E2A00A0AA47 /* EmojiCounter */ = {
			isa = PBXGroup;
			children = (
				F4A1EFB22BA72E2A00A0AA47 /* EmojiCounterApp.swift */,
				F4A1EFB42BA72E2A00A0AA47 /* ContentView.swift */,
				F4A1EFB62BA72E2D00A0AA47 /* Assets.xcassets */,
				F4A1EFB82BA72E2D00A0AA47 /* Preview Content */,
			);
			path = EmojiCounter;
			sourceTree = "<group>";
		};
		F4A1EFB82BA72E2D00A0AA47 /* Preview Content */ = {
			isa = PBXGroup;
			children = (
				F4A1EFB92BA72E2D00A0AA47 /* Preview Assets.xcassets */,
			);
			path = "Preview Content";
			sourceTree = "<group>";
		};
		F4A1EFC22BA72E2D00A0AA47 /* EmojiCounterTests */ = {
			isa = PBXGroup;
			children = (
				F4A1EFC32BA72E2D00A0AA47 /* EmojiCounterTests.swift */,
			);
			path = EmojiCounterTests;
			sourceTree = "<group>";
		};
		F4A1EFCC2BA72E2D00A0AA47 /* EmojiCounterUITests */ = {
			isa = PBXGroup;
			children = (
				F4A1EFCD2BA72E2D00A0AA47 /* EmojiCounterUITests.swift */,
				F4A1EFCF2BA72E2D00A0AA47 /* EmojiCounterUITestsLaunchTests.swift */,
			);
			path = EmojiCounterUITests;
			sourceTree = "<group>";
		};
/* End PBXGroup section */

/* Begin PBXNativeTarget section */
		F4A1EFAE2BA72E2A00A0AA47 /* EmojiCounter */ = {
			isa = PBXNativeTarget;
			buildConfigurationList = F4A1EFD32BA72E2D00A0AA47 /* Build configuration list for PBXNativeTarget "EmojiCounter" */;
			buildPhases = (
				F4A1EFAB2BA72E2A00A0AA47 /* Sources */,
				F4A1EFAC2BA72E2A00A0AA47 /* Frameworks */,
				F4A1EFAD2BA72E2A00A0AA47 /* Resources */,
			);
			buildRules = (
			);
			dependencies = (
			);
			name = EmojiCounter;
			productName = EmojiCounter;
			productReference = F4A1EFAF2BA72E2A00A0AA47 /* EmojiCounter.app */;
			productType = "com.apple.product-type.application";
		};
		F4A1EFBE2BA72E2D00A0AA47 /* EmojiCounterTests */ = {
			isa = PBXNativeTarget;
			buildConfigurationList = F4A1EFD62BA72E2D00A0AA47 /* Build configuration list for PBXNativeTarget "EmojiCounterTests" */;
			buildPhases = (
				F4A1EFBB2BA72E2D00A0AA47 /* Sources */,
				F4A1EFBC2BA72E2D00A0AA47 /* Frameworks */,
				F4A1EFBD2BA72E2D00A0AA47 /* Resources */,
			);
			buildRules = (
			);
			dependencies = (
				F4A1EFC12BA72E2D00A0AA47 /* PBXTargetDependency */,
			);
			name = EmojiCounterTests;
			productName = EmojiCounterTests;
			productReference = F4A1EFBF2BA72E2D00A0AA47 /* EmojiCounterTests.xctest */;
			productType = "com.apple.product-type.bundle.unit-test";
		};
		F4A1EFC82BA72E2D00A0AA47 /* EmojiCounterUITests */ = {
			isa = PBXNativeTarget;
			buildConfigurationList = F4A1EFD92BA72E2D00A0AA47 /* Build configuration list for PBXNativeTarget "EmojiCounterUITests" */;
			buildPhases = (
				F4A1EFC52BA72E2D00A0AA47 /* Sources */,
				F4A1EFC62BA72E2D00A0AA47 /* Frameworks */,
				F4A1EFC72BA72E2D00A0AA47 /* Resources */,
			);
			buildRules = (
			);
			dependencies = (
				F4A1EFCB2BA72E2D00A0AA47 /* PBXTargetDependency */,
			);
			name = EmojiCounterUITests;
			productName = EmojiCounterUITests;
			productReference = F4A1EFC92BA72E2D00A0AA47 /* EmojiCounterUITests.xctest */;
			productType = "com.apple.product-type.bundle.ui-testing";
		};
/* End PBXNativeTarget section */

/* Begin PBXProject section */
		F4A1EFA72BA72E2A00A0AA47 /* Project object */ = {
			isa = PBXProject;
			attributes = {
				BuildIndependentTargetsInParallel = 1;
				LastSwiftUpdateCheck = 1420;
				LastUpgradeCheck = 1420;
				TargetAttributes = {
					F4A1EFAE2BA72E2A00A0AA47 = {
						CreatedOnToolsVersion = 14.2;
					};
					F4A1EFBE2BA72E2D00A0AA47 = {
						CreatedOnToolsVersion = 14.2;
						TestTargetID = F4A1EFAE2BA72E2A00A0AA47;
					};
					F4A1EFC82BA72E2D00A0AA47 = {
						CreatedOnToolsVersion = 14.2;
						TestTargetID = F4A1EFAE2BA72E2A00A0AA47;
					};
				};
			};
			buildConfigurationList = F4A1EFAA2BA72E2A00A0AA47 /* Build configuration list for PBXProject "EmojiCounter" */;
			compatibilityVersion = "Xcode 14.0";
			developmentRegion = en;
			hasScannedForEncodings = 0;
			knownRegions = (
				en,
				Base,
			);
			mainGroup = F4A1EFA62BA72E2A00A0AA47;
			productRefGroup = F4A1EFB02BA72E2A00A0AA47 /* Products */;
			projectDirPath = "";
			projectRoot = "";
			targets = (
				F4A1EFAE2BA72E2A00A0AA47 /* EmojiCounter */,
				F4A1EFBE2BA72E2D00A0AA47 /* EmojiCounterTests */,
				F4A1EFC82BA72E2D00A0AA47 /* EmojiCounterUITests */,
			);
		};
/* End PBXProject section */

/* Begin PBXResourcesBuildPhase section */
		F4A1EFAD2BA72E2A00A0AA47 /* Resources */ = {
			isa = PBXResourcesBuildPhase;
			buildActionMask = 2147483647;
			files = (
				F4A1EFBA2BA72E2D00A0AA47 /* Preview Assets.xcassets in Resources */,
				F4A1EFB72BA72E2D00A0AA47 /* Assets.xcassets in Resources */,
			);
			runOnlyForDeploymentPostprocessing = 0;
		};
		F4A1EFBD2BA72E2D00A0AA47 /* Resources */ = {
			isa = PBXResourcesBuildPhase;
			buildActionMask = 2147483647;
			files = (
			);
			runOnlyForDeploymentPostprocessing = 0;
		};
		F4A1EFC72BA72E2D00A0AA47 /* Resources */ = {
			isa = PBXResourcesBuildPhase;
			buildActionMask = 2147483647;
			files = (
			);
			runOnlyForDeploymentPostprocessing = 0;
		};
/* End PBXResourcesBuildPhase section */

/* Begin PBXSourcesBuildPhase section */
		F4A1EFAB2BA72E2A00A0AA47 /* Sources */ = {
			isa = PBXSourcesBuildPhase;
			buildActionMask = 2147483647;
			files = (
				F4A1EFB52BA72E2A00A0AA47 /* ContentView.swift in Sources */,
				F4A1EFB32BA72E2A00A0AA47 /* EmojiCounterApp.swift in Sources */,
			);
			runOnlyForDeploymentPostprocessing = 0;
		};
		F4A1EFBB2BA72E2D00A0AA47 /* Sources */ = {
			isa = PBXSourcesBuildPhase;
			buildActionMask = 2147483647;
			files = (
				F4A1EFC42BA72E2D00A0AA47 /* EmojiCounterTests.swift in Sources */,
			);
			runOnlyForDeploymentPostprocessing = 0;
		};
		F4A1EFC52BA72E2D00A0AA47 /* Sources */ = {
			isa = PBXSourcesBuildPhase;
			buildActionMask = 2147483647;
			files = (
				F4A1EFD02BA72E2D00A0AA47 /* EmojiCounterUITestsLaunchTests.swift in Sources */,
				F4A1EFCE2BA72E2D00A0AA47 /* EmojiCounterUITests.swift in Sources */,
			);
			runOnlyForDeploymentPostprocessing = 0;
		};
/* End PBXSourcesBuildPhase section */

/* Begin PBXTargetDependency section */
		F4A1EFC12BA72E2D00A0AA47 /* PBXTargetDependency */ = {
			isa = PBXTargetDependency;
			target = F4A1EFAE2BA72E2A00A0AA47 /* EmojiCounter */;
			targetProxy = F4A1EFC02BA72E2D00A0AA47 /* PBXContainerItemProxy */;
		};
		F4A1EFCB2BA72E2D00A0AA47 /* PBXTargetDependency */ = {
			isa = PBXTargetDependency;
			target = F4A1EFAE2BA72E2A00A0AA47 /* EmojiCounter */;
			targetProxy = F4A1EFCA2BA72E2D00A0AA47 /* PBXContainerItemProxy */;
		};
/* End PBXTargetDependency section */

/* Begin XCBuildConfiguration section */
		F4A1EFD12BA72E2D00A0AA47 /* Debug */ = {
			isa = XCBuildConfiguration;
			buildSettings = {
				ALWAYS_SEARCH_USER_PATHS = NO;
				CLANG_ANALYZER_NONNULL = YES;
				CLANG_ANALYZER_NUMBER_OBJECT_CONVERSION = YES_AGGRESSIVE;
				CLANG_CXX_LANGUAGE_STANDARD = "gnu++20";
				CLANG_ENABLE_MODULES = YES;
				CLANG_ENABLE_OBJC_ARC = YES;
				CLANG_ENABLE_OBJC_WEAK = YES;
				CLANG_WARN_BLOCK_CAPTURE_AUTORELEASING = YES;
				CLANG_WARN_BOOL_CONVERSION = YES;
				CLANG_WARN_COMMA = YES;
				CLANG_WARN_CONSTANT_CONVERSION = YES;
				CLANG_WARN_DEPRECATED_OBJC_IMPLEMENTATIONS = YES;
				CLANG_WARN_DIRECT_OBJC_ISA_USAGE = YES_ERROR;
				CLANG_WARN_DOCUMENTATION_COMMENTS = YES;
				CLANG_WARN_EMPTY_BODY = YES;
				CLANG_WARN_ENUM_CONVERSION = YES;
				CLANG_WARN_INFINITE_RECURSION = YES;
				CLANG_WARN_INT_CONVERSION = YES;
				CLANG_WARN_NON_LITERAL_NULL_CONVERSION = YES;
				CLANG_WARN_OBJC_IMPLICIT_RETAIN_SELF = YES;
				CLANG_WARN_OBJC_LITERAL_CONVERSION = YES;
				CLANG_WARN_OBJC_ROOT_CLASS = YES_ERROR;
				CLANG_WARN_QUOTED_INCLUDE_IN_FRAMEWORK_HEADER = YES;
				CLANG_WARN_RANGE_LOOP_ANALYSIS = YES;
				CLANG_WARN_STRICT_PROTOTYPES = YES;
				CLANG_WARN_SUSPICIOUS_MOVE = YES;
				CLANG_WARN_UNGUARDED_AVAILABILITY = YES_AGGRESSIVE;
				CLANG_WARN_UNREACHABLE_CODE = YES;
				CLANG_WARN__DUPLICATE_METHOD_MATCH = YES;
				COPY_PHASE_STRIP = NO;
				DEBUG_INFORMATION_FORMAT = dwarf;
				ENABLE_STRICT_OBJC_MSGSEND = YES;
				ENABLE_TESTABILITY = YES;
				GCC_C_LANGUAGE_STANDARD = gnu11;
				GCC_DYNAMIC_NO_PIC = NO;
				GCC_NO_COMMON_BLOCKS = YES;
				GCC_OPTIMIZATION_LEVEL = 0;
				GCC_PREPROCESSOR_DEFINITIONS = (
					"DEBUG=1",
					"$(inherited)",
				);
				GCC_WARN_64_TO_32_BIT_CONVERSION = YES;
				GCC_WARN_ABOUT_RETURN_TYPE = YES_ERROR;
				GCC_WARN_UNDECLARED_SELECTOR = YES;
				GCC_WARN_UNINITIALIZED_AUTOS = YES_AGGRESSIVE;
				GCC_WARN_UNUSED_FUNCTION = YES;
				GCC_WARN_UNUSED_VARIABLE = YES;
				IPHONEOS_DEPLOYMENT_TARGET = 16.2;
				MTL_ENABLE_DEBUG_INFO = INCLUDE_SOURCE;
				MTL_FAST_MATH = YES;
				ONLY_ACTIVE_ARCH = YES;
				SDKROOT = iphoneos;
				SWIFT_ACTIVE_COMPILATION_CONDITIONS = DEBUG;
				SWIFT_OPTIMIZATION_LEVEL = "-Onone";
			};
			name = Debug;
		};
		F4A1EFD22BA72E2D00A0AA47 /* Release */ = {
			isa = XCBuildConfiguration;
			buildSettings = {
				ALWAYS_SEARCH_USER_PATHS = NO;
				CLANG_ANALYZER_NONNULL = YES;
				CLANG_ANALYZER_NUMBER_OBJECT_CONVERSION = YES_AGGRESSIVE;
				CLANG_CXX_LANGUAGE_STANDARD = "gnu++20";
				CLANG_ENABLE_MODULES = YES;
				CLANG_ENABLE_OBJC_ARC = YES;
				CLANG_ENABLE_OBJC_WEAK = YES;
				CLANG_WARN_BLOCK_CAPTURE_AUTORELEASING = YES;
				CLANG_WARN_BOOL_CONVERSION = YES;
				CLANG_WARN_COMMA = YES;
				CLANG_WARN_CONSTANT_CONVERSION = YES;
				CLANG_WARN_DEPRECATED_OBJC_IMPLEMENTATIONS = YES;
				CLANG_WARN_DIRECT_OBJC_ISA_USAGE = YES_ERROR;
				CLANG_WARN_DOCUMENTATION_COMMENTS = YES;
				CLANG_WARN_EMPTY_BODY = YES;
				CLANG_WARN_ENUM_CONVERSION = YES;
				CLANG_WARN_INFINITE_RECURSION = YES;
				CLANG_WARN_INT_CONVERSION = YES;
				CLANG_WARN_NON_LITERAL_NULL_CONVERSION = YES;
				CLANG_WARN_OBJC_IMPLICIT_RETAIN_SELF = YES;
				CLANG_WARN_OBJC_LITERAL_CONVERSION = YES;
				CLANG_WARN_OBJC_ROOT_CLASS = YES_ERROR;
				CLANG_WARN_QUOTED_INCLUDE_IN_FRAMEWORK_HEADER = YES;
				CLANG_WARN_RANGE_LOOP_ANALYSIS = YES;
				CLANG_WARN_STRICT_PROTOTYPES = YES;
				CLANG_WARN_SUSPICIOUS_MOVE = YES;
				CLANG_WARN_UNGUARDED_AVAILABILITY = YES_AGGRESSIVE;
				CLANG_WARN_UNREACHABLE_CODE = YES;
				CLANG_WARN__DUPLICATE_METHOD_MATCH = YES;
				COPY_PHASE_STRIP = NO;
				DEBUG_INFORMATION_FORMAT = "dwarf-with-dsym";
				ENABLE_NS_ASSERTIONS = NO;
				ENABLE_STRICT_OBJC_MSGSEND = YES;
				GCC_C_LANGUAGE_STANDARD = gnu11;
				GCC_NO_COMMON_BLOCKS = YES;
				GCC_WARN_64_TO_32_BIT_CONVERSION = YES;
				GCC_WARN_ABOUT_RETURN_TYPE = YES_ERROR;
				GCC_WARN_UNDECLARED_SELECTOR = YES;
				GCC_WARN_UNINITIALIZED_AUTOS = YES_AGGRESSIVE;
				GCC_WARN_UNUSED_FUNCTION = YES;
				GCC_WARN_UNUSED_VARIABLE = YES;
				IPHONEOS_DEPLOYMENT_TARGET = 16.2;
				MTL_ENABLE_DEBUG_INFO = NO;
				MTL_FAST_MATH = YES;
				SDKROOT = iphoneos;
				SWIFT_COMPILATION_MODE = wholemodule;
				SWIFT_OPTIMIZATION_LEVEL = "-O";
				VALIDATE_PRODUCT = YES;
			};
			name = Release;
		};
		F4A1EFD42BA72E2D00A0AA47 /* Debug */ = {
			isa = XCBuildConfiguration;
			buildSettings = {
				ASSETCATALOG_COMPILER_APPICON_NAME = AppIcon;
				ASSETCATALOG_COMPILER_GLOBAL_ACCENT_COLOR_NAME = AccentColor;
				CODE_SIGN_STYLE = Automatic;
				CURRENT_PROJECT_VERSION = 1;
				DEVELOPMENT_ASSET_PATHS = "\"EmojiCounter/Preview Content\"";
				ENABLE_PREVIEWS = YES;
				GENERATE_INFOPLIST_FILE = YES;
				INFOPLIST_KEY_UIApplicationSceneManifest_Generation = YES;
				INFOPLIST_KEY_UIApplicationSupportsIndirectInputEvents = YES;
				INFOPLIST_KEY_UILaunchScreen_Generation = YES;
				INFOPLIST_KEY_UISupportedInterfaceOrientations_iPad = "UIInterfaceOrientationPortrait UIInterfaceOrientationPortraitUpsideDown UIInterfaceOrientationLandscapeLeft UIInterfaceOrientationLandscapeRight";
				INFOPLIST_KEY_UISupportedInterfaceOrientations_iPhone = "UIInterfaceOrientationPortrait UIInterfaceOrientationLandscapeLeft UIInterfaceOrientationLandscapeRight";
				LD_RUNPATH_SEARCH_PATHS = (
					"$(inherited)",
					"@executable_path/Frameworks",
				);
				MARKETING_VERSION = 1.0;
				PRODUCT_BUNDLE_IDENTIFIER = CPSC.EmojiCounter;
				PRODUCT_NAME = "$(TARGET_NAME)";
				SWIFT_EMIT_LOC_STRINGS = YES;
				SWIFT_VERSION = 5.0;
				TARGETED_DEVICE_FAMILY = "1,2";
			};
			name = Debug;
		};
		F4A1EFD52BA72E2D00A0AA47 /* Release */ = {
			isa = XCBuildConfiguration;
			buildSettings = {
				ASSETCATALOG_COMPILER_APPICON_NAME = AppIcon;
				ASSETCATALOG_COMPILER_GLOBAL_ACCENT_COLOR_NAME = AccentColor;
				CODE_SIGN_STYLE = Automatic;
				CURRENT_PROJECT_VERSION = 1;
				DEVELOPMENT_ASSET_PATHS = "\"EmojiCounter/Preview Content\"";
				ENABLE_PREVIEWS = YES;
				GENERATE_INFOPLIST_FILE = YES;
				INFOPLIST_KEY_UIApplicationSceneManifest_Generation = YES;
				INFOPLIST_KEY_UIApplicationSupportsIndirectInputEvents = YES;
				INFOPLIST_KEY_UILaunchScreen_Generation = YES;
				INFOPLIST_KEY_UISupportedInterfaceOrientations_iPad = "UIInterfaceOrientationPortrait UIInterfaceOrientationPortraitUpsideDown UIInterfaceOrientationLandscapeLeft UIInterfaceOrientationLandscapeRight";
				INFOPLIST_KEY_UISupportedInterfaceOrientations_iPhone = "UIInterfaceOrientationPortrait UIInterfaceOrientationLandscapeLeft UIInterfaceOrientationLandscapeRight";
				LD_RUNPATH_SEARCH_PATHS = (
					"$(inherited)",
					"@executable_path/Frameworks",
				);
				MARKETING_VERSION = 1.0;
				PRODUCT_BUNDLE_IDENTIFIER = CPSC.EmojiCounter;
				PRODUCT_NAME = "$(TARGET_NAME)";
				SWIFT_EMIT_LOC_STRINGS = YES;
				SWIFT_VERSION = 5.0;
				TARGETED_DEVICE_FAMILY = "1,2";
			};
			name = Release;
		};
		F4A1EFD72BA72E2D00A0AA47 /* Debug */ = {
			isa = XCBuildConfiguration;
			buildSettings = {
				ALWAYS_EMBED_SWIFT_STANDARD_LIBRARIES = YES;
				BUNDLE_LOADER = "$(TEST_HOST)";
				CODE_SIGN_STYLE = Automatic;
				CURRENT_PROJECT_VERSION = 1;
				GENERATE_INFOPLIST_FILE = YES;
				IPHONEOS_DEPLOYMENT_TARGET = 16.2;
				MARKETING_VERSION = 1.0;
				PRODUCT_BUNDLE_IDENTIFIER = CPSC.EmojiCounterTests;
				PRODUCT_NAME = "$(TARGET_NAME)";
				SWIFT_EMIT_LOC_STRINGS = NO;
				SWIFT_VERSION = 5.0;
				TARGETED_DEVICE_FAMILY = "1,2";
				TEST_HOST = "$(BUILT_PRODUCTS_DIR)/EmojiCounter.app/$(BUNDLE_EXECUTABLE_FOLDER_PATH)/EmojiCounter";
			};
			name = Debug;
		};
		F4A1EFD82BA72E2D00A0AA47 /* Release */ = {
			isa = XCBuildConfiguration;
			buildSettings = {
				ALWAYS_EMBED_SWIFT_STANDARD_LIBRARIES = YES;
				BUNDLE_LOADER = "$(TEST_HOST)";
				CODE_SIGN_STYLE = Automatic;
				CURRENT_PROJECT_VERSION = 1;
				GENERATE_INFOPLIST_FILE = YES;
				IPHONEOS_DEPLOYMENT_TARGET = 16.2;
				MARKETING_VERSION = 1.0;
				PRODUCT_BUNDLE_IDENTIFIER = CPSC.EmojiCounterTests;
				PRODUCT_NAME = "$(TARGET_NAME)";
				SWIFT_EMIT_LOC_STRINGS = NO;
				SWIFT_VERSION = 5.0;
				TARGETED_DEVICE_FAMILY = "1,2";
				TEST_HOST = "$(BUILT_PRODUCTS_DIR)/EmojiCounter.app/$(BUNDLE_EXECUTABLE_FOLDER_PATH)/EmojiCounter";
			};
			name = Release;
		};
		F4A1EFDA2BA72E2D00A0AA47 /* Debug */ = {
			isa = XCBuildConfiguration;
			buildSettings = {
				ALWAYS_EMBED_SWIFT_STANDARD_LIBRARIES = YES;
				CODE_SIGN_STYLE = Automatic;
				CURRENT_PROJECT_VERSION = 1;
				GENERATE_INFOPLIST_FILE = YES;
				MARKETING_VERSION = 1.0;
				PRODUCT_BUNDLE_IDENTIFIER = CPSC.EmojiCounterUITests;
				PRODUCT_NAME = "$(TARGET_NAME)";
				SWIFT_EMIT_LOC_STRINGS = NO;
				SWIFT_VERSION = 5.0;
				TARGETED_DEVICE_FAMILY = "1,2";
				TEST_TARGET_NAME = EmojiCounter;
			};
			name = Debug;
		};
		F4A1EFDB2BA72E2D00A0AA47 /* Release */ = {
			isa = XCBuildConfiguration;
			buildSettings = {
				ALWAYS_EMBED_SWIFT_STANDARD_LIBRARIES = YES;
				CODE_SIGN_STYLE = Automatic;
				CURRENT_PROJECT_VERSION = 1;
				GENERATE_INFOPLIST_FILE = YES;
				MARKETING_VERSION = 1.0;
				PRODUCT_BUNDLE_IDENTIFIER = CPSC.EmojiCounterUITests;
				PRODUCT_NAME = "$(TARGET_NAME)";
				SWIFT_EMIT_LOC_STRINGS = NO;
				SWIFT_VERSION = 5.0;
				TARGETED_DEVICE_FAMILY = "1,2";
				TEST_TARGET_NAME = EmojiCounter;
			};
			name = Release;
		};
/* End XCBuildConfiguration section */

/* Begin XCConfigurationList section */
		F4A1EFAA2BA72E2A00A0AA47 /* Build configuration list for PBXProject "EmojiCounter" */ = {
			isa = XCConfigurationList;
			buildConfigurations = (
				F4A1EFD12BA72E2D00A0AA47 /* Debug */,
				F4A1EFD22BA72E2D00A0AA47 /* Release */,
			);
			defaultConfigurationIsVisible = 0;
			defaultConfigurationName = Release;
		};
		F4A1EFD32BA72E2D00A0AA47 /* Build configuration list for PBXNativeTarget "EmojiCounter" */ = {
			isa = XCConfigurationList;
			buildConfigurations = (
				F4A1EFD42BA72E2D00A0AA47 /* Debug */,
				F4A1EFD52BA72E2D00A0AA47 /* Release */,
			);
			defaultConfigurationIsVisible = 0;
			defaultConfigurationName = Release;
		};
		F4A1EFD62BA72E2D00A0AA47 /* Build configuration list for PBXNativeTarget "EmojiCounterTests" */ = {
			isa = XCConfigurationList;
			buildConfigurations = (
				F4A1EFD72BA72E2D00A0AA47 /* Debug */,
				F4A1EFD82BA72E2D00A0AA47 /* Release */,
			);
			defaultConfigurationIsVisible = 0;
			defaultConfigurationName = Release;
		};
		F4A1EFD92BA72E2D00A0AA47 /* Build configuration list for PBXNativeTarget "EmojiCounterUITests" */ = {
			isa = XCConfigurationList;
			buildConfigurations = (
				F4A1EFDA2BA72E2D00A0AA47 /* Debug */,
				F4A1EFDB2BA72E2D00A0AA47 /* Release */,
			);
			defaultConfigurationIsVisible = 0;
			defaultConfigurationName = Release;
		};
/* End XCConfigurationList section */
	};
	rootObject = F4A1EFA72BA72E2A00A0AA47 /* Project object */;
}
